
Microsoft Visual Studio Solution File, Format Version 12.00
# Visual Studio Version 17
VisualStudioVersion = 17.8.34309.116
MinimumVisualStudioVersion = 10.0.40219.1
Project("{FAE04EC0-301F-11D3-BF4B-00C04F79EFBC}") = "CCalculator", "CCalculator\CCalculator.csproj", "{7CBCE2B1-8D42-4657-9B92-4A06B01F5607}"
EndProject
Global
	GlobalSection(SolutionConfigurationPlatforms) = preSolution
		Debug|Any CPU = Debug|Any CPU
		Release|Any CPU = Release|Any CPU
	EndGlobalSection
	GlobalSection(ProjectConfigurationPlatforms) = postSolution
		{7CBCE2B1-8D42-4657-9B92-4A06B01F5607}.Debug|Any CPU.ActiveCfg = Debug|Any CPU
		{7CBCE2B1-8D42-4657-9B92-4A06B01F5607}.Debug|Any CPU.Build.0 = Debug|Any CPU
		{7CBCE2B1-8D42-4657-9B92-4A06B01F5607}.Release|Any CPU.ActiveCfg = Release|Any CPU
		{7CBCE2B1-8D42-4657-9B92-4A06B01F5607}.Release|Any CPU.Build.0 = Release|Any CPU
	EndGlobalSection
	GlobalSection(SolutionProperties) = preSolution
		HideSolutionNode = FALSE
	EndGlobalSection
	GlobalSection(ExtensibilityGlobals) = postSolution
		SolutionGuid = {FB6AD568-0130-45C7-A8D2-0FD2E89322A2}
	EndGlobalSection
EndGlobal
